
Microsoft Visual Studio Solution File, Format Version 12.00
# Visual Studio Version 17
VisualStudioVersion = 17.10.35027.167
MinimumVisualStudioVersion = 10.0.40219.1
Project("{FAE04EC0-301F-11D3-BF4B-00C04F79EFBC}") = "Adapter", "BT_Buoi2\Adapter.csproj", "{5E2B5337-360C-49DB-AB1F-75D7B662E25D}"
EndProject
Project("{FAE04EC0-301F-11D3-BF4B-00C04F79EFBC}") = "Bridge", "Bridge\Bridge.csproj", "{FD312917-2133-4E5E-A866-C84AA6C9B26C}"
EndProject
Project("{FAE04EC0-301F-11D3-BF4B-00C04F79EFBC}") = "Composite", "Composite\Composite.csproj", "{F8BF55E7-8466-441A-983B-43936B34843B}"
EndProject
Project("{FAE04EC0-301F-11D3-BF4B-00C04F79EFBC}") = "Decorator", "Decorator\Decorator.csproj", "{6EA06191-9EF5-422F-883F-231941046D21}"
EndProject
Project("{FAE04EC0-301F-11D3-BF4B-00C04F79EFBC}") = "Facade", "Facade\Facade.csproj", "{889EF8EA-768B-410B-B83D-349531271083}"
EndProject
Project("{FAE04EC0-301F-11D3-BF4B-00C04F79EFBC}") = "Flyweight", "Flyweight\Flyweight.csproj", "{140004A9-86A7-4E78-B8E4-11528903734A}"
EndProject
Global
	GlobalSection(SolutionConfigurationPlatforms) = preSolution
		Debug|Any CPU = Debug|Any CPU
		Release|Any CPU = Release|Any CPU
	EndGlobalSection
	GlobalSection(ProjectConfigurationPlatforms) = postSolution
		{5E2B5337-360C-49DB-AB1F-75D7B662E25D}.Debug|Any CPU.ActiveCfg = Debug|Any CPU
		{5E2B5337-360C-49DB-AB1F-75D7B662E25D}.Debug|Any CPU.Build.0 = Debug|Any CPU
		{5E2B5337-360C-49DB-AB1F-75D7B662E25D}.Release|Any CPU.ActiveCfg = Release|Any CPU
		{5E2B5337-360C-49DB-AB1F-75D7B662E25D}.Release|Any CPU.Build.0 = Release|Any CPU
		{FD312917-2133-4E5E-A866-C84AA6C9B26C}.Debug|Any CPU.ActiveCfg = Debug|Any CPU
		{FD312917-2133-4E5E-A866-C84AA6C9B26C}.Debug|Any CPU.Build.0 = Debug|Any CPU
		{FD312917-2133-4E5E-A866-C84AA6C9B26C}.Release|Any CPU.ActiveCfg = Release|Any CPU
		{FD312917-2133-4E5E-A866-C84AA6C9B26C}.Release|Any CPU.Build.0 = Release|Any CPU
		{F8BF55E7-8466-441A-983B-43936B34843B}.Debug|Any CPU.ActiveCfg = Debug|Any CPU
		{F8BF55E7-8466-441A-983B-43936B34843B}.Debug|Any CPU.Build.0 = Debug|Any CPU
		{F8BF55E7-8466-441A-983B-43936B34843B}.Release|Any CPU.ActiveCfg = Release|Any CPU
		{F8BF55E7-8466-441A-983B-43936B34843B}.Release|Any CPU.Build.0 = Release|Any CPU
		{6EA06191-9EF5-422F-883F-231941046D21}.Debug|Any CPU.ActiveCfg = Debug|Any CPU
		{6EA06191-9EF5-422F-883F-231941046D21}.Debug|Any CPU.Build.0 = Debug|Any CPU
		{6EA06191-9EF5-422F-883F-231941046D21}.Release|Any CPU.ActiveCfg = Release|Any CPU
		{6EA06191-9EF5-422F-883F-231941046D21}.Release|Any CPU.Build.0 = Release|Any CPU
		{889EF8EA-768B-410B-B83D-349531271083}.Debug|Any CPU.ActiveCfg = Debug|Any CPU
		{889EF8EA-768B-410B-B83D-349531271083}.Debug|Any CPU.Build.0 = Debug|Any CPU
		{889EF8EA-768B-410B-B83D-349531271083}.Release|Any CPU.ActiveCfg = Release|Any CPU
		{889EF8EA-768B-410B-B83D-349531271083}.Release|Any CPU.Build.0 = Release|Any CPU
		{140004A9-86A7-4E78-B8E4-11528903734A}.Debug|Any CPU.ActiveCfg = Debug|Any CPU
		{140004A9-86A7-4E78-B8E4-11528903734A}.Debug|Any CPU.Build.0 = Debug|Any CPU
		{140004A9-86A7-4E78-B8E4-11528903734A}.Release|Any CPU.ActiveCfg = Release|Any CPU
		{140004A9-86A7-4E78-B8E4-11528903734A}.Release|Any CPU.Build.0 = Release|Any CPU
	EndGlobalSection
	GlobalSection(SolutionProperties) = preSolution
		HideSolutionNode = FALSE
	EndGlobalSection
	GlobalSection(ExtensibilityGlobals) = postSolution
		SolutionGuid = {EA70ECC8-B683-4592-B83B-E06AFEDC2646}
	EndGlobalSection
EndGlobal
